{
  "name": "xtal-siema",
  "version": "0.0.36",
  "lockfileVersion": 1,
  "requires": true,
  "dependencies": {
    "@types/siema": {
      "version": "1.4.4",
      "resolved": "https://registry.npmjs.org/@types/siema/-/siema-1.4.4.tgz",
      "integrity": "sha512-ym4rkm3iRA0n9hx4Po4lD+XQ+92ZbB4AhLTeVO4Km3y55gVZJ2pDe4UBdGne5whn5p5VMUyasJ3wkFM/alnv6g=="
    },
    "event-switch": {
      "version": "0.0.12",
      "resolved": "https://registry.npmjs.org/event-switch/-/event-switch-0.0.12.tgz",
      "integrity": "sha512-T4ZNewAhMsLkurklQwzznYsz7MHqhriwZHxYFLRHY+TfIbSTAOoB1IO4QibezD2D7HEdQnIb99v+eSV2N4KIbg=="
    },
    "siema": {
      "version": "1.5.1",
      "resolved": "https://registry.npmjs.org/siema/-/siema-1.5.1.tgz",
      "integrity": "sha1-7/MSt36DQPpNgdXQU+u+uRE/+Ig="
    },
    "trans-render": {
      "version": "0.0.142",
      "resolved": "https://registry.npmjs.org/trans-render/-/trans-render-0.0.142.tgz",
      "integrity": "sha512-wkT1YsNy5+NWnt7H4PRShgmwFqzvCzlW9+uAeofNRXMUyVffF7BlBqwgDo0gWf8peFgPd9aXPYYpXDhD43dlEw=="
    },
    "xtal-element": {
      "version": "0.0.101",
      "resolved": "https://registry.npmjs.org/xtal-element/-/xtal-element-0.0.101.tgz",
      "integrity": "sha512-bGg697g+fLU/Pep4UaQvUn3UDntk5UvH1mheAXuMJQ0dd1Zvoo+EAMbx0h6uLqQMkxaGtyUbkWNOXZssC3kk7A==",
      "requires": {
        "event-switch": "0.0.12",
        "trans-render": "0.0.142"
      }
    }
  }
}
