{
  "name": "xtal-siema",
  "version": "0.0.21",
  "lockfileVersion": 1,
  "requires": true,
  "dependencies": {
    "@webcomponents/webcomponentsjs": {
      "version": "2.0.3",
      "resolved": "https://registry.npmjs.org/@webcomponents/webcomponentsjs/-/webcomponentsjs-2.0.3.tgz",
      "integrity": "sha512-MAXeE34PaC2gDVNKa+YLkRvnIBezIslR8AHoS/E8nOYuFL0qUcOD4L7/BBZOrNtxMRrNTCvtkXL7TrEmYmyQiQ==",
      "dev": true
    },
    "jiife": {
      "version": "0.0.4",
      "resolved": "https://registry.npmjs.org/jiife/-/jiife-0.0.4.tgz",
      "integrity": "sha512-BubRxE1DCPN5rUXcdObEPncX23qJpCTZ6zolfqPS0rJTg+Vos9Lnt6rZqhXLHRbBvmNpqwFG1XA4LYEC3AEq4g==",
      "dev": true
    },
    "siema": {
      "version": "1.5.1",
      "resolved": "https://registry.npmjs.org/siema/-/siema-1.5.1.tgz",
      "integrity": "sha1-7/MSt36DQPpNgdXQU+u+uRE/+Ig="
    },
    "xtal-latx": {
      "version": "0.0.19",
      "resolved": "https://registry.npmjs.org/xtal-latx/-/xtal-latx-0.0.19.tgz",
      "integrity": "sha512-du7qdIhfXtiRvpwfBvYUhGIyYHzzSZulyfc6tvtMc4n8H8LsKMc0gXrJvP5LMvoKR9TOdIJvfqly1Rj3B3P+2Q=="
    }
  }
}
